
Microsoft Visual Studio Solution File, Format Version 12.00
# Visual Studio 14
VisualStudioVersion = 14.0.25123.0
MinimumVisualStudioVersion = 10.0.40219.1
Project("{A76F9720-00F6-4FF1-80F5-2BB596B29FDE}") = "Sitecore.Support.317982", "Sitecore.Support.317982\Sitecore.Support.317982.csproj", "{940A8BB9-D233-4692-B319-681CDBB939A6}"
EndProject
Global
	GlobalSection(SolutionConfigurationPlatforms) = preSolution
		Debug|Any CPU = Debug|Any CPU
		Release|Any CPU = Release|Any CPU
	EndGlobalSection
	GlobalSection(ProjectConfigurationPlatforms) = postSolution
		{940A8BB9-D233-4692-B319-681CDBB939A6}.Debug|Any CPU.ActiveCfg = Debug|Any CPU
		{940A8BB9-D233-4692-B319-681CDBB939A6}.Debug|Any CPU.Build.0 = Debug|Any CPU
		{940A8BB9-D233-4692-B319-681CDBB939A6}.Release|Any CPU.ActiveCfg = Release|Any CPU
		{940A8BB9-D233-4692-B319-681CDBB939A6}.Release|Any CPU.Build.0 = Release|Any CPU
	EndGlobalSection
	GlobalSection(SolutionProperties) = preSolution
		HideSolutionNode = FALSE
	EndGlobalSection
EndGlobal
